
Microsoft Visual Studio Solution File, Format Version 12.00
# Visual Studio 2013
VisualStudioVersion = 12.0.21005.1
MinimumVisualStudioVersion = 10.0.40219.1
Project("{FAE04EC0-301F-11D3-BF4B-00C04F79EFBC}") = "ArithmeticService", "ArithmeticService\ArithmeticService.csproj", "{50E60CF2-DC3A-4FFA-9EB4-68877A4F1C43}"
EndProject
Project("{FAE04EC0-301F-11D3-BF4B-00C04F79EFBC}") = "ArithmeticServiceHost", "ArithmeticServiceHost\ArithmeticServiceHost.csproj", "{C7DB87A5-0D37-489F-87AA-F0B3260C0261}"
EndProject
Global
	GlobalSection(SolutionConfigurationPlatforms) = preSolution
		Debug|Any CPU = Debug|Any CPU
		Release|Any CPU = Release|Any CPU
	EndGlobalSection
	GlobalSection(ProjectConfigurationPlatforms) = postSolution
		{50E60CF2-DC3A-4FFA-9EB4-68877A4F1C43}.Debug|Any CPU.ActiveCfg = Debug|Any CPU
		{50E60CF2-DC3A-4FFA-9EB4-68877A4F1C43}.Debug|Any CPU.Build.0 = Debug|Any CPU
		{50E60CF2-DC3A-4FFA-9EB4-68877A4F1C43}.Release|Any CPU.ActiveCfg = Release|Any CPU
		{50E60CF2-DC3A-4FFA-9EB4-68877A4F1C43}.Release|Any CPU.Build.0 = Release|Any CPU
		{C7DB87A5-0D37-489F-87AA-F0B3260C0261}.Debug|Any CPU.ActiveCfg = Debug|Any CPU
		{C7DB87A5-0D37-489F-87AA-F0B3260C0261}.Debug|Any CPU.Build.0 = Debug|Any CPU
		{C7DB87A5-0D37-489F-87AA-F0B3260C0261}.Release|Any CPU.ActiveCfg = Release|Any CPU
		{C7DB87A5-0D37-489F-87AA-F0B3260C0261}.Release|Any CPU.Build.0 = Release|Any CPU
	EndGlobalSection
	GlobalSection(SolutionProperties) = preSolution
		HideSolutionNode = FALSE
	EndGlobalSection
EndGlobal
